
Microsoft Visual Studio Solution File, Format Version 12.00
# Visual Studio Version 17
VisualStudioVersion = 17.3.32825.248
MinimumVisualStudioVersion = 10.0.40219.1
Project("{FAE04EC0-301F-11D3-BF4B-00C04F79EFBC}") = "ProblemSet _1", "ProblemSet _1\ProblemSet _1.csproj", "{5B1F4803-B88A-428D-B880-70C9B5E5504A}"
EndProject
Global
	GlobalSection(SolutionConfigurationPlatforms) = preSolution
		Debug|Any CPU = Debug|Any CPU
		Release|Any CPU = Release|Any CPU
	EndGlobalSection
	GlobalSection(ProjectConfigurationPlatforms) = postSolution
		{5B1F4803-B88A-428D-B880-70C9B5E5504A}.Debug|Any CPU.ActiveCfg = Debug|Any CPU
		{5B1F4803-B88A-428D-B880-70C9B5E5504A}.Debug|Any CPU.Build.0 = Debug|Any CPU
		{5B1F4803-B88A-428D-B880-70C9B5E5504A}.Release|Any CPU.ActiveCfg = Release|Any CPU
		{5B1F4803-B88A-428D-B880-70C9B5E5504A}.Release|Any CPU.Build.0 = Release|Any CPU
	EndGlobalSection
	GlobalSection(SolutionProperties) = preSolution
		HideSolutionNode = FALSE
	EndGlobalSection
	GlobalSection(ExtensibilityGlobals) = postSolution
		SolutionGuid = {0280C25C-00F1-4C5F-A9A3-254D32F2F3B5}
	EndGlobalSection
EndGlobal
